
Microsoft Visual Studio Solution File, Format Version 12.00
# Visual Studio Version 17
VisualStudioVersion = 17.14.36109.1 d17.14
MinimumVisualStudioVersion = 10.0.40219.1
Project("{FAE04EC0-301F-11D3-BF4B-00C04F79EFBC}") = "Notebook", "Notebook\Notebook.csproj", "{246BC0C1-B2FE-486C-B218-9A7D38536BFE}"
EndProject
Global
	GlobalSection(SolutionConfigurationPlatforms) = preSolution
		Debug|Any CPU = Debug|Any CPU
		Release|Any CPU = Release|Any CPU
	EndGlobalSection
	GlobalSection(ProjectConfigurationPlatforms) = postSolution
		{246BC0C1-B2FE-486C-B218-9A7D38536BFE}.Debug|Any CPU.ActiveCfg = Debug|Any CPU
		{246BC0C1-B2FE-486C-B218-9A7D38536BFE}.Debug|Any CPU.Build.0 = Debug|Any CPU
		{246BC0C1-B2FE-486C-B218-9A7D38536BFE}.Release|Any CPU.ActiveCfg = Release|Any CPU
		{246BC0C1-B2FE-486C-B218-9A7D38536BFE}.Release|Any CPU.Build.0 = Release|Any CPU
	EndGlobalSection
	GlobalSection(SolutionProperties) = preSolution
		HideSolutionNode = FALSE
	EndGlobalSection
	GlobalSection(ExtensibilityGlobals) = postSolution
		SolutionGuid = {4D679E2C-4CEB-4BEB-A6C8-FC0F1C9BF065}
	EndGlobalSection
EndGlobal
